{
    "name": "epub-builder",
    "version": "1.3.4",
    "lockfileVersion": 1,
    "requires": true,
    "dependencies": {
        "@types/archiver": {
            "version": "0.15.37",
            "resolved": "https://registry.npmjs.org/@types/archiver/-/archiver-0.15.37.tgz",
            "integrity": "sha1-5cgLrWyaiY/AlK6UWy3DITx47A4=",
            "dev": true,
            "requires": {
                "@types/node": "6.0.88"
            }
        },
        "@types/mime": {
            "version": "0.0.29",
            "resolved": "https://registry.npmjs.org/@types/mime/-/mime-0.0.29.tgz",
            "integrity": "sha1-+8/TMFc7kS71nu7hRgK/rOYwdUs=",
            "dev": true
        },
        "@types/mocha": {
            "version": "2.2.48",
            "resolved": "https://registry.npmjs.org/@types/mocha/-/mocha-2.2.48.tgz",
            "integrity": "sha512-nlK/iyETgafGli8Zh9zJVCTicvU3iajSkRwOh3Hhiva598CMqNJ4NcVCGMTGKpGpTYj/9R8RLzS9NAykSSCqGw==",
            "dev": true
        },
        "@types/node": {
            "version": "6.0.88",
            "resolved": "https://registry.npmjs.org/@types/node/-/node-6.0.88.tgz",
            "integrity": "sha512-bYDPZTX0/s1aihdjLuAgogUAT5M+TpoWChEMea2p0yOcfn5bu3k6cJb9cp6nw268XeSNIGGr+4+/8V5K6BGzLQ==",
            "dev": true
        },
        "archiver": {
            "version": "1.3.0",
            "resolved": "https://registry.npmjs.org/archiver/-/archiver-1.3.0.tgz",
            "integrity": "sha1-TyGU1tj5nfP1MeaIHxTxXVX6ryI=",
            "requires": {
                "archiver-utils": "1.3.0",
                "async": "2.5.0",
                "buffer-crc32": "0.2.13",
                "glob": "7.1.2",
                "lodash": "4.17.4",
                "readable-stream": "2.3.3",
                "tar-stream": "1.5.4",
                "walkdir": "0.0.11",
                "zip-stream": "1.2.0"
            }
        },
        "archiver-utils": {
            "version": "1.3.0",
            "resolved": "https://registry.npmjs.org/archiver-utils/-/archiver-utils-1.3.0.tgz",
            "integrity": "sha1-5QtMCccL89aA4y/xt5lOn52JUXQ=",
            "requires": {
                "glob": "7.1.2",
                "graceful-fs": "4.1.11",
                "lazystream": "1.0.0",
                "lodash": "4.17.4",
                "normalize-path": "2.1.1",
                "readable-stream": "2.3.3"
            }
        },
        "async": {
            "version": "2.5.0",
            "resolved": "https://registry.npmjs.org/async/-/async-2.5.0.tgz",
            "integrity": "sha512-e+lJAJeNWuPCNyxZKOBdaJGyLGHugXVQtrAwtuAe2vhxTYxFTKE73p8JuTmdH0qdQZtDvI4dhJwjZc5zsfIsYw==",
            "requires": {
                "lodash": "4.17.4"
            }
        },
        "balanced-match": {
            "version": "1.0.0",
            "resolved": "https://registry.npmjs.org/balanced-match/-/balanced-match-1.0.0.tgz",
            "integrity": "sha1-ibTRmasr7kneFk6gK4nORi1xt2c="
        },
        "bl": {
            "version": "1.2.1",
            "resolved": "https://registry.npmjs.org/bl/-/bl-1.2.1.tgz",
            "integrity": "sha1-ysMo977kVzDUBLaSID/LWQ4XLV4=",
            "requires": {
                "readable-stream": "2.3.3"
            }
        },
        "brace-expansion": {
            "version": "1.1.8",
            "resolved": "https://registry.npmjs.org/brace-expansion/-/brace-expansion-1.1.8.tgz",
            "integrity": "sha1-wHshHHyVLsH479Uad+8NHTmQopI=",
            "requires": {
                "balanced-match": "1.0.0",
                "concat-map": "0.0.1"
            }
        },
        "browser-stdout": {
            "version": "1.3.0",
            "resolved": "https://registry.npmjs.org/browser-stdout/-/browser-stdout-1.3.0.tgz",
            "integrity": "sha512-7Rfk377tpSM9TWBEeHs0FlDZGoAIei2V/4MdZJoFMBFAK6BqLpxAIUepGRHGdPFgGsLb02PXovC4qddyHvQqTg==",
            "dev": true
        },
        "buffer-crc32": {
            "version": "0.2.13",
            "resolved": "https://registry.npmjs.org/buffer-crc32/-/buffer-crc32-0.2.13.tgz",
            "integrity": "sha1-DTM+PwDqxQqhRUq9MO+MKl2ackI="
        },
        "commander": {
            "version": "2.11.0",
            "resolved": "https://registry.npmjs.org/commander/-/commander-2.11.0.tgz",
            "integrity": "sha512-b0553uYA5YAEGgyYIGYROzKQ7X5RAqedkfjiZxwi0kL1g3bOaBNNZfYkzt/CL0umgD5wc9Jec2FbB98CjkMRvQ==",
            "dev": true
        },
        "compress-commons": {
            "version": "1.2.0",
            "resolved": "https://registry.npmjs.org/compress-commons/-/compress-commons-1.2.0.tgz",
            "integrity": "sha1-WFhwku8g03y1i68AARLJJ4/3O58=",
            "requires": {
                "buffer-crc32": "0.2.13",
                "crc32-stream": "2.0.0",
                "normalize-path": "2.1.1",
                "readable-stream": "2.3.3"
            }
        },
        "concat-map": {
            "version": "0.0.1",
            "resolved": "https://registry.npmjs.org/concat-map/-/concat-map-0.0.1.tgz",
            "integrity": "sha1-2Klr13/Wjfd5OnMDajug1UBdR3s="
        },
        "core-util-is": {
            "version": "1.0.2",
            "resolved": "https://registry.npmjs.org/core-util-is/-/core-util-is-1.0.2.tgz",
            "integrity": "sha1-tf1UIgqivFq1eqtxQMlAdUUDwac="
        },
        "crc": {
            "version": "3.5.0",
            "resolved": "https://registry.npmjs.org/crc/-/crc-3.5.0.tgz",
            "integrity": "sha1-mLi6fUiWZbo5efWbITgTdBAaGWQ="
        },
        "crc32-stream": {
            "version": "2.0.0",
            "resolved": "https://registry.npmjs.org/crc32-stream/-/crc32-stream-2.0.0.tgz",
            "integrity": "sha1-483TtN8xaN10494/u8t7KX/pCPQ=",
            "requires": {
                "crc": "3.5.0",
                "readable-stream": "2.3.3"
            }
        },
        "debug": {
            "version": "3.1.0",
            "resolved": "https://registry.npmjs.org/debug/-/debug-3.1.0.tgz",
            "integrity": "sha512-OX8XqP7/1a9cqkxYw2yXss15f26NKWBpDXQd0/uK/KPqdQhxbPa994hnzjcE2VqQpDslf55723cKPUOGSmMY3g==",
            "dev": true,
            "requires": {
                "ms": "2.0.0"
            }
        },
        "diff": {
            "version": "3.3.1",
            "resolved": "https://registry.npmjs.org/diff/-/diff-3.3.1.tgz",
            "integrity": "sha512-MKPHZDMB0o6yHyDryUOScqZibp914ksXwAMYMTHj6KO8UeKsRYNJD3oNCKjTqZon+V488P7N/HzXF8t7ZR95ww==",
            "dev": true
        },
        "end-of-stream": {
            "version": "1.4.0",
            "resolved": "https://registry.npmjs.org/end-of-stream/-/end-of-stream-1.4.0.tgz",
            "integrity": "sha1-epDYM+/abPpurA9JSduw+tOmMgY=",
            "requires": {
                "once": "1.4.0"
            }
        },
        "escape-string-regexp": {
            "version": "1.0.5",
            "resolved": "https://registry.npmjs.org/escape-string-regexp/-/escape-string-regexp-1.0.5.tgz",
            "integrity": "sha512-vbRorB5FUQWvla16U8R/qgaFIya2qGzwDrNmCZuYKrbdSUMG6I1ZCGQRefkRVhuOkIGVne7BQ35DSfo1qvJqFg==",
            "dev": true
        },
        "fs.realpath": {
            "version": "1.0.0",
            "resolved": "https://registry.npmjs.org/fs.realpath/-/fs.realpath-1.0.0.tgz",
            "integrity": "sha1-FQStJSMVjKpA20onh8sBQRmU6k8="
        },
        "glob": {
            "version": "7.1.2",
            "resolved": "https://registry.npmjs.org/glob/-/glob-7.1.2.tgz",
            "integrity": "sha512-MJTUg1kjuLeQCJ+ccE4Vpa6kKVXkPYJ2mOCQyUuKLcLQsdrMCpBPUi8qVE6+YuaJkozeA9NusTAw3hLr8Xe5EQ==",
            "requires": {
                "fs.realpath": "1.0.0",
                "inflight": "1.0.6",
                "inherits": "2.0.3",
                "minimatch": "3.0.4",
                "once": "1.4.0",
                "path-is-absolute": "1.0.1"
            }
        },
        "graceful-fs": {
            "version": "4.1.11",
            "resolved": "https://registry.npmjs.org/graceful-fs/-/graceful-fs-4.1.11.tgz",
            "integrity": "sha1-Dovf5NHduIVNZOBOp8AOKgJuVlg="
        },
        "growl": {
            "version": "1.10.3",
            "resolved": "https://registry.npmjs.org/growl/-/growl-1.10.3.tgz",
            "integrity": "sha512-hKlsbA5Vu3xsh1Cg3J7jSmX/WaW6A5oBeqzM88oNbCRQFz+zUaXm6yxS4RVytp1scBoJzSYl4YAEOQIt6O8V1Q==",
            "dev": true
        },
        "has-flag": {
            "version": "2.0.0",
            "resolved": "https://registry.npmjs.org/has-flag/-/has-flag-2.0.0.tgz",
            "integrity": "sha512-P+1n3MnwjR/Epg9BBo1KT8qbye2g2Ou4sFumihwt6I4tsUX7jnLcX4BTOSKg/B1ZrIYMN9FcEnG4x5a7NB8Eng==",
            "dev": true
        },
        "he": {
            "version": "1.1.1",
            "resolved": "https://registry.npmjs.org/he/-/he-1.1.1.tgz",
            "integrity": "sha512-z/GDPjlRMNOa2XJiB4em8wJpuuBfrFOlYKTZxtpkdr1uPdibHI8rYA3MY0KDObpVyaes0e/aunid/t88ZI2EKA==",
            "dev": true
        },
        "inflight": {
            "version": "1.0.6",
            "resolved": "https://registry.npmjs.org/inflight/-/inflight-1.0.6.tgz",
            "integrity": "sha1-Sb1jMdfQLQwJvJEKEHW6gWW1bfk=",
            "requires": {
                "once": "1.4.0",
                "wrappy": "1.0.2"
            }
        },
        "inherits": {
            "version": "2.0.3",
            "resolved": "https://registry.npmjs.org/inherits/-/inherits-2.0.3.tgz",
            "integrity": "sha1-Yzwsg+PaQqUC9SRmAiSA9CCCYd4="
        },
        "isarray": {
            "version": "1.0.0",
            "resolved": "https://registry.npmjs.org/isarray/-/isarray-1.0.0.tgz",
            "integrity": "sha1-u5NdSFgsuhaMBoNJV6VKPgcSTxE="
        },
        "lazystream": {
            "version": "1.0.0",
            "resolved": "https://registry.npmjs.org/lazystream/-/lazystream-1.0.0.tgz",
            "integrity": "sha1-9plf4PggOS9hOWvolGJAe7dxaOQ=",
            "requires": {
                "readable-stream": "2.3.3"
            }
        },
        "lodash": {
            "version": "4.17.4",
            "resolved": "https://registry.npmjs.org/lodash/-/lodash-4.17.4.tgz",
            "integrity": "sha1-eCA6TRwyiuHYbcpkYONptX9AVa4="
        },
        "mime": {
            "version": "1.4.1",
            "resolved": "https://registry.npmjs.org/mime/-/mime-1.4.1.tgz",
            "integrity": "sha512-KI1+qOZu5DcW6wayYHSzR/tXKCDC5Om4s1z2QJjDULzLcmf3DvzS7oluY4HCTrc+9FiKmWUgeNLg7W3uIQvxtQ=="
        },
        "minimatch": {
            "version": "3.0.4",
            "resolved": "https://registry.npmjs.org/minimatch/-/minimatch-3.0.4.tgz",
            "integrity": "sha512-yJHVQEhyqPLUTgt9B83PXu6W3rx4MvvHvSUvToogpwoGDOUQ+yDrR0HRot+yOCdCO7u4hX3pWft6kWBBcqh0UA==",
            "requires": {
                "brace-expansion": "^1.1.7"
            }
        },
        "minimist": {
            "version": "0.0.8",
            "resolved": "https://registry.npmjs.org/minimist/-/minimist-0.0.8.tgz",
            "integrity": "sha512-miQKw5Hv4NS1Psg2517mV4e4dYNaO3++hjAvLOAzKqZ61rH8NS1SK+vbfBWZ5PY/Me/bEWhUwqMghEW5Fb9T7Q==",
            "dev": true
        },
        "mkdirp": {
            "version": "0.5.1",
            "resolved": "https://registry.npmjs.org/mkdirp/-/mkdirp-0.5.1.tgz",
            "integrity": "sha512-SknJC52obPfGQPnjIkXbmA6+5H15E+fR+E4iR2oQ3zzCLbd7/ONua69R/Gw7AgkTLsRG+r5fzksYwWe1AgTyWA==",
            "dev": true,
            "requires": {
                "minimist": "0.0.8"
            }
        },
        "mocha": {
            "version": "4.1.0",
            "resolved": "https://registry.npmjs.org/mocha/-/mocha-4.1.0.tgz",
            "integrity": "sha512-0RVnjg1HJsXY2YFDoTNzcc1NKhYuXKRrBAG2gDygmJJA136Cs2QlRliZG1mA0ap7cuaT30mw16luAeln+4RiNA==",
            "dev": true,
            "requires": {
                "browser-stdout": "1.3.0",
                "commander": "2.11.0",
                "debug": "3.1.0",
                "diff": "3.3.1",
                "escape-string-regexp": "1.0.5",
                "glob": "7.1.2",
                "growl": "1.10.3",
                "he": "1.1.1",
                "mkdirp": "0.5.1",
                "supports-color": "4.4.0"
            }
        },
        "ms": {
            "version": "2.0.0",
            "resolved": "https://registry.npmjs.org/ms/-/ms-2.0.0.tgz",
            "integrity": "sha512-Tpp60P6IUJDTuOq/5Z8cdskzJujfwqfOTkrwIwj7IRISpnkJnT6SyJ4PCPnGMoFjC9ddhal5KVIYtAt97ix05A==",
            "dev": true
        },
        "normalize-path": {
            "version": "2.1.1",
            "resolved": "https://registry.npmjs.org/normalize-path/-/normalize-path-2.1.1.tgz",
            "integrity": "sha1-GrKLVW4Zg2Oowab35vogE3/mrtk=",
            "requires": {
                "remove-trailing-separator": "1.1.0"
            }
        },
        "once": {
            "version": "1.4.0",
            "resolved": "https://registry.npmjs.org/once/-/once-1.4.0.tgz",
            "integrity": "sha1-WDsap3WWHUsROsF9nFC6753Xa9E=",
            "requires": {
                "wrappy": "1.0.2"
            }
        },
        "path-is-absolute": {
            "version": "1.0.1",
            "resolved": "https://registry.npmjs.org/path-is-absolute/-/path-is-absolute-1.0.1.tgz",
            "integrity": "sha1-F0uSaHNVNP+8es5r9TpanhtcX18="
        },
        "process-nextick-args": {
            "version": "1.0.7",
            "resolved": "https://registry.npmjs.org/process-nextick-args/-/process-nextick-args-1.0.7.tgz",
            "integrity": "sha1-FQ4gt1ZZCtP5EJPyWk8q2L/zC6M="
        },
        "readable-stream": {
            "version": "2.3.3",
            "resolved": "https://registry.npmjs.org/readable-stream/-/readable-stream-2.3.3.tgz",
            "integrity": "sha512-m+qzzcn7KUxEmd1gMbchF+Y2eIUbieUaxkWtptyHywrX0rE8QEYqPC07Vuy4Wm32/xE16NcdBctb8S0Xe/5IeQ==",
            "requires": {
                "core-util-is": "1.0.2",
                "inherits": "2.0.3",
                "isarray": "1.0.0",
                "process-nextick-args": "1.0.7",
                "safe-buffer": "5.1.1",
                "string_decoder": "1.0.3",
                "util-deprecate": "1.0.2"
            }
        },
        "remove-trailing-separator": {
            "version": "1.1.0",
            "resolved": "https://registry.npmjs.org/remove-trailing-separator/-/remove-trailing-separator-1.1.0.tgz",
            "integrity": "sha1-wkvOKig62tW8P1jg1IJJuSN52O8="
        },
        "safe-buffer": {
            "version": "5.1.1",
            "resolved": "https://registry.npmjs.org/safe-buffer/-/safe-buffer-5.1.1.tgz",
            "integrity": "sha512-kKvNJn6Mm93gAczWVJg7wH+wGYWNrDHdWvpUmHyEsgCtIwwo3bqPtV4tR5tuPaUhTOo/kvhVwd8XwwOllGYkbg=="
        },
        "string-builder": {
            "version": "0.1.4",
            "resolved": "https://registry.npmjs.org/string-builder/-/string-builder-0.1.4.tgz",
            "integrity": "sha1-7fZudgb4lYW0gQ9Gn3LQEGd2gLI="
        },
        "string_decoder": {
            "version": "1.0.3",
            "resolved": "https://registry.npmjs.org/string_decoder/-/string_decoder-1.0.3.tgz",
            "integrity": "sha512-4AH6Z5fzNNBcH+6XDMfA/BTt87skxqJlO0lAh3Dker5zThcAxG6mKz+iGu308UKoPPQ8Dcqx/4JhujzltRa+hQ==",
            "requires": {
                "safe-buffer": "5.1.1"
            }
        },
        "supports-color": {
            "version": "4.4.0",
            "resolved": "https://registry.npmjs.org/supports-color/-/supports-color-4.4.0.tgz",
            "integrity": "sha512-rKC3+DyXWgK0ZLKwmRsrkyHVZAjNkfzeehuFWdGGcqGDTZFH73+RH6S/RDAAxl9GusSjZSUWYLmT9N5pzXFOXQ==",
            "dev": true,
            "requires": {
                "has-flag": "^2.0.0"
            }
        },
        "tar-stream": {
            "version": "1.5.4",
            "resolved": "https://registry.npmjs.org/tar-stream/-/tar-stream-1.5.4.tgz",
            "integrity": "sha1-NlSc8E7RrumyowwBQyUiONr5QBY=",
            "requires": {
                "bl": "1.2.1",
                "end-of-stream": "1.4.0",
                "readable-stream": "2.3.3",
                "xtend": "4.0.1"
            }
        },
        "util-deprecate": {
            "version": "1.0.2",
            "resolved": "https://registry.npmjs.org/util-deprecate/-/util-deprecate-1.0.2.tgz",
            "integrity": "sha1-RQ1Nyfpw3nMnYvvS1KKJgUGaDM8="
        },
        "walkdir": {
            "version": "0.0.11",
            "resolved": "https://registry.npmjs.org/walkdir/-/walkdir-0.0.11.tgz",
            "integrity": "sha1-oW0CXrkxvQO1LzCMrtD0D86+lTI="
        },
        "wrappy": {
            "version": "1.0.2",
            "resolved": "https://registry.npmjs.org/wrappy/-/wrappy-1.0.2.tgz",
            "integrity": "sha1-tSQ9jz7BqjXxNkYFvA0QNuMKtp8="
        },
        "xml-escape": {
            "version": "1.1.0",
            "resolved": "https://registry.npmjs.org/xml-escape/-/xml-escape-1.1.0.tgz",
            "integrity": "sha1-OQTBQ/qOs6ADDsZG0pAqLxtwbEQ="
        },
        "xtend": {
            "version": "4.0.1",
            "resolved": "https://registry.npmjs.org/xtend/-/xtend-4.0.1.tgz",
            "integrity": "sha1-pcbVMr5lbiPbgg77lDofBJmNY68="
        },
        "zip-stream": {
            "version": "1.2.0",
            "resolved": "https://registry.npmjs.org/zip-stream/-/zip-stream-1.2.0.tgz",
            "integrity": "sha1-qLxF9MG0lpnGuQGYuqyqzbzUugQ=",
            "requires": {
                "archiver-utils": "1.3.0",
                "compress-commons": "1.2.0",
                "lodash": "4.17.4",
                "readable-stream": "2.3.3"
            }
        }
    }
}
